
Microsoft Visual Studio Solution File, Format Version 12.00
# Visual Studio Version 16
VisualStudioVersion = 16.0.30128.74
MinimumVisualStudioVersion = 10.0.40219.1
Project("{FAE04EC0-301F-11D3-BF4B-00C04F79EFBC}") = "WebApplication1", "WebApplication1\WebApplication1.csproj", "{C8A6D2D1-F168-4998-A38F-7613F71E73D9}"
EndProject
Global
	GlobalSection(SolutionConfigurationPlatforms) = preSolution
		Debug|Any CPU = Debug|Any CPU
		Release|Any CPU = Release|Any CPU
	EndGlobalSection
	GlobalSection(ProjectConfigurationPlatforms) = postSolution
		{C8A6D2D1-F168-4998-A38F-7613F71E73D9}.Debug|Any CPU.ActiveCfg = Debug|Any CPU
		{C8A6D2D1-F168-4998-A38F-7613F71E73D9}.Debug|Any CPU.Build.0 = Debug|Any CPU
		{C8A6D2D1-F168-4998-A38F-7613F71E73D9}.Release|Any CPU.ActiveCfg = Release|Any CPU
		{C8A6D2D1-F168-4998-A38F-7613F71E73D9}.Release|Any CPU.Build.0 = Release|Any CPU
	EndGlobalSection
	GlobalSection(SolutionProperties) = preSolution
		HideSolutionNode = FALSE
	EndGlobalSection
	GlobalSection(ExtensibilityGlobals) = postSolution
		SolutionGuid = {036E82E1-2CB3-4EA6-AF9D-33FDE230EDFD}
	EndGlobalSection
EndGlobal
